<?xml version="1.0" encoding="utf-8"?>
<Project ToolsVersion="4.0" xmlns="http://schemas.microsoft.com/developer/msbuild/2003">
  <ItemGroup>
    <Filter Include="ソース ファイル">
      <UniqueIdentifier>{4FC737F1-C7A5-4376-A066-2A32D752A2FF}</UniqueIdentifier>
      <Extensions>cpp;c;cc;cxx;c++;cppm;ixx;def;odl;idl;hpj;bat;asm;asmx</Extensions>
    </Filter>
    <Filter Include="ヘッダー ファイル">
      <UniqueIdentifier>{93995380-89BD-4b04-88EB-625FBE52EBFB}</UniqueIdentifier>
      <Extensions>h;hh;hpp;hxx;h++;hm;inl;inc;ipp;xsd</Extensions>
    </Filter>
    <Filter Include="リソース ファイル">
      <UniqueIdentifier>{67DA6AB6-F800-4c08-8B7A-83BB121AAD01}</UniqueIdentifier>
      <Extensions>rc;ico;cur;bmp;dlg;rc2;rct;bin;rgs;gif;jpg;jpeg;jpe;resx;tiff;tif;png;wav;mfcribbon-ms</Extensions>
    </Filter>
    <Filter Include="ソース ファイル\Aplication">
      <UniqueIdentifier>{b03c4921-f51e-4f86-b01c-2739fe841ba5}</UniqueIdentifier>
    </Filter>
    <Filter Include="ヘッダー ファイル\Math">
      <UniqueIdentifier>{a0456298-eaeb-4744-a1fd-e869f5062b2f}</UniqueIdentifier>
    </Filter>
    <Filter Include="ソース ファイル\Colision">
      <UniqueIdentifier>{a286763b-8915-4787-9247-40cc0363e819}</UniqueIdentifier>
    </Filter>
    <Filter Include="ヘッダー ファイル\Collision">
      <UniqueIdentifier>{6b0e036a-d182-4e31-a8b2-0baf158a63e2}</UniqueIdentifier>
    </Filter>
    <Filter Include="ヘッダー ファイル\Aplication">
      <UniqueIdentifier>{8b631d34-01ef-4f1b-ac79-9ec892aadf56}</UniqueIdentifier>
    </Filter>
    <Filter Include="ソース ファイル\Math">
      <UniqueIdentifier>{b1a29df2-648d-4c35-b24a-54da27b376bc}</UniqueIdentifier>
    </Filter>
    <Filter Include="ソース ファイル\Object">
      <UniqueIdentifier>{4e875824-b304-4fe3-a219-fc3df1446cf7}</UniqueIdentifier>
    </Filter>
    <Filter Include="ヘッダー ファイル\Object">
      <UniqueIdentifier>{f11ff212-a88d-445f-88ab-c7ac20e894d2}</UniqueIdentifier>
    </Filter>
    <Filter Include="ソース ファイル\Player">
      <UniqueIdentifier>{3affa170-898f-4fd5-9274-58c884b6c451}</UniqueIdentifier>
    </Filter>
    <Filter Include="ヘッダー ファイル\Player">
      <UniqueIdentifier>{600babcd-eacc-4609-ab77-02cc507634ae}</UniqueIdentifier>
    </Filter>
    <Filter Include="ヘッダー ファイル\Map">
      <UniqueIdentifier>{6702acba-22bb-4a30-a108-242b6c702917}</UniqueIdentifier>
    </Filter>
    <Filter Include="ソース ファイル\Map">
      <UniqueIdentifier>{e6aa145f-07c4-448a-955d-cc38359bfe99}</UniqueIdentifier>
    </Filter>
    <Filter Include="ソース ファイル\BackGround">
      <UniqueIdentifier>{88975402-2228-4166-806f-657ffed39035}</UniqueIdentifier>
    </Filter>
    <Filter Include="ヘッダー ファイル\BackGround">
      <UniqueIdentifier>{81382926-a549-4b9d-ac81-b859e7db7aaa}</UniqueIdentifier>
    </Filter>
  </ItemGroup>
  <ItemGroup>
    <ClCompile Include="!_Source\Aplication\Winmain.cpp">
      <Filter>ソース ファイル\Aplication</Filter>
    </ClCompile>
    <ClCompile Include="!_Source\Aplication\Game.cpp">
      <Filter>ソース ファイル\Aplication</Filter>
    </ClCompile>
    <ClCompile Include="!_Source\Object\ObjectServer.cpp">
      <Filter>ソース ファイル\Object</Filter>
    </ClCompile>
    <ClCompile Include="!_Source\Object\ObjectBase.cpp">
      <Filter>ソース ファイル\Object</Filter>
    </ClCompile>
    <ClCompile Include="!_Source\Player\Player.cpp">
      <Filter>ソース ファイル\Player</Filter>
    </ClCompile>
    <ClCompile Include="!_Source\Object\ImageServer.cpp">
      <Filter>ソース ファイル\Object</Filter>
    </ClCompile>
    <ClCompile Include="!_Source\Object\SoundServer.cpp">
      <Filter>ソース ファイル\Object</Filter>
    </ClCompile>
    <ClCompile Include="!_Source\Collision\Collision.cpp">
      <Filter>ソース ファイル\Colision</Filter>
    </ClCompile>
    <ClCompile Include="!_Source\Math\Math.cpp">
      <Filter>ソース ファイル\Math</Filter>
    </ClCompile>
    <ClCompile Include="!_Source\Map\MapChips.cpp">
      <Filter>ソース ファイル\Map</Filter>
    </ClCompile>
    <ClCompile Include="!_Source\BackGround\BackGround.cpp">
      <Filter>ソース ファイル\BackGround</Filter>
    </ClCompile>
  </ItemGroup>
  <ItemGroup>
    <ClInclude Include="!_Source\Aplication\Game.h">
      <Filter>ヘッダー ファイル\Aplication</Filter>
    </ClInclude>
    <ClInclude Include="!_Source\Object\ObjectServer.h">
      <Filter>ヘッダー ファイル\Object</Filter>
    </ClInclude>
    <ClInclude Include="!_Source\Object\ObjectBase.h">
      <Filter>ヘッダー ファイル\Object</Filter>
    </ClInclude>
    <ClInclude Include="!_Source\Player\Player.h">
      <Filter>ヘッダー ファイル\Player</Filter>
    </ClInclude>
    <ClInclude Include="!_Source\Object\ImageServer.h">
      <Filter>ヘッダー ファイル\Object</Filter>
    </ClInclude>
    <ClInclude Include="!_Source\Object\SoundServer.h">
      <Filter>ヘッダー ファイル\Object</Filter>
    </ClInclude>
    <ClInclude Include="!_Source\Collision\Collision.h">
      <Filter>ヘッダー ファイル\Collision</Filter>
    </ClInclude>
    <ClInclude Include="!_Source\Math\Math.h">
      <Filter>ヘッダー ファイル\Math</Filter>
    </ClInclude>
    <ClInclude Include="!_Source\Map\MapChips.h">
      <Filter>ヘッダー ファイル\Map</Filter>
    </ClInclude>
    <ClInclude Include="!_Source\BackGround\BackGround.h">
      <Filter>ヘッダー ファイル\BackGround</Filter>
    </ClInclude>
  </ItemGroup>
</Project>